
Microsoft Visual Studio Solution File, Format Version 12.00
# Visual Studio Version 17
VisualStudioVersion = 17.14.36616.10 d17.14
MinimumVisualStudioVersion = 10.0.40219.1
Project("{FAE04EC0-301F-11D3-BF4B-00C04F79EFBC}") = "Web_UI_Automation_NUnit", "Web_UI_Automation_NUnit\Web_UI_Automation_NUnit.csproj", "{C5C24DD6-FB6C-43B8-BB76-A34ECB6EA062}"
EndProject
Project("{FAE04EC0-301F-11D3-BF4B-00C04F79EFBC}") = "Web_UI_Automation_xUnit", "Web_UI_Automation_xUnit\Web_UI_Automation_xUnit.csproj", "{FBCA409F-A12D-4514-BF7A-D61CEA9BD1C4}"
EndProject
Global
	GlobalSection(SolutionConfigurationPlatforms) = preSolution
		Debug|Any CPU = Debug|Any CPU
		Release|Any CPU = Release|Any CPU
	EndGlobalSection
	GlobalSection(ProjectConfigurationPlatforms) = postSolution
		{C5C24DD6-FB6C-43B8-BB76-A34ECB6EA062}.Debug|Any CPU.ActiveCfg = Debug|Any CPU
		{C5C24DD6-FB6C-43B8-BB76-A34ECB6EA062}.Debug|Any CPU.Build.0 = Debug|Any CPU
		{C5C24DD6-FB6C-43B8-BB76-A34ECB6EA062}.Release|Any CPU.ActiveCfg = Release|Any CPU
		{C5C24DD6-FB6C-43B8-BB76-A34ECB6EA062}.Release|Any CPU.Build.0 = Release|Any CPU
		{FBCA409F-A12D-4514-BF7A-D61CEA9BD1C4}.Debug|Any CPU.ActiveCfg = Debug|Any CPU
		{FBCA409F-A12D-4514-BF7A-D61CEA9BD1C4}.Debug|Any CPU.Build.0 = Debug|Any CPU
		{FBCA409F-A12D-4514-BF7A-D61CEA9BD1C4}.Release|Any CPU.ActiveCfg = Release|Any CPU
		{FBCA409F-A12D-4514-BF7A-D61CEA9BD1C4}.Release|Any CPU.Build.0 = Release|Any CPU
	EndGlobalSection
	GlobalSection(SolutionProperties) = preSolution
		HideSolutionNode = FALSE
	EndGlobalSection
	GlobalSection(ExtensibilityGlobals) = postSolution
		SolutionGuid = {248B1E2B-2776-4A00-832A-B2FCF9EC92AF}
	EndGlobalSection
EndGlobal
